// !$*UTF8*$!
{
	archiveVersion = 1;
	classes = {
	};
	objectVersion = 51;
	objects = {

/* Begin PBXBuildFile section */
		5D003E22A3A701CF1AFA55A7 /* Pods_Carrot.framework in Frameworks */ = {isa = PBXBuildFile; fileRef = E04A748A672CA8543E3991F9 /* Pods_Carrot.framework */; };
		7B194FDB24AA7D190099AE9F /* Task.swift in Sources */ = {isa = PBXBuildFile; fileRef = 7B194FDA24AA7D190099AE9F /* Task.swift */; };
		7B35934B24AB521F00A8CC4F /* InputCell.swift in Sources */ = {isa = PBXBuildFile; fileRef = 7B35934A24AB521F00A8CC4F /* InputCell.swift */; };
		7B59B00824AA7811005FBC70 /* AppDelegate.swift in Sources */ = {isa = PBXBuildFile; fileRef = 7B59B00724AA7811005FBC70 /* AppDelegate.swift */; };
		7B59B00A24AA7811005FBC70 /* SceneDelegate.swift in Sources */ = {isa = PBXBuildFile; fileRef = 7B59B00924AA7811005FBC70 /* SceneDelegate.swift */; };
		7B59B00F24AA7811005FBC70 /* Main.storyboard in Resources */ = {isa = PBXBuildFile; fileRef = 7B59B00D24AA7811005FBC70 /* Main.storyboard */; };
		7B59B01424AA7816005FBC70 /* LaunchScreen.storyboard in Resources */ = {isa = PBXBuildFile; fileRef = 7B59B01224AA7816005FBC70 /* LaunchScreen.storyboard */; };
		7B59B01C24AA7A33005FBC70 /* TaskCell.swift in Sources */ = {isa = PBXBuildFile; fileRef = 7B59B01B24AA7A33005FBC70 /* TaskCell.swift */; };
		A004A1C724E7F6AE008CF844 /* NavController.swift in Sources */ = {isa = PBXBuildFile; fileRef = A004A1C624E7F6AE008CF844 /* NavController.swift */; };
		A0177DE424E5ED0D003358DC /* CardViewController.swift in Sources */ = {isa = PBXBuildFile; fileRef = A0177DE324E5ED0D003358DC /* CardViewController.swift */; };
		A0177DE624E5F379003358DC /* ShareViewController.swift in Sources */ = {isa = PBXBuildFile; fileRef = A0177DE524E5F379003358DC /* ShareViewController.swift */; };
		A02C91BB24BFB38300BE0489 /* LoginViewController.swift in Sources */ = {isa = PBXBuildFile; fileRef = A02C91BA24BFB38300BE0489 /* LoginViewController.swift */; };
		A03F5A2724C1EF4F008054A7 /* RegisterViewController.swift in Sources */ = {isa = PBXBuildFile; fileRef = A03F5A2624C1EF4F008054A7 /* RegisterViewController.swift */; };
		A03F5A2924C1F564008054A7 /* WelcomeViewController.swift in Sources */ = {isa = PBXBuildFile; fileRef = A03F5A2824C1F564008054A7 /* WelcomeViewController.swift */; };
		A05BDA4524CDC78D00854F00 /* AddListViewController.swift in Sources */ = {isa = PBXBuildFile; fileRef = A05BDA4424CDC78D00854F00 /* AddListViewController.swift */; };
		A06DE5AC24F17A020023E0DB /* TableViewController.swift in Sources */ = {isa = PBXBuildFile; fileRef = 7B59B01D24AA7A59005FBC70 /* TableViewController.swift */; };
		A0727D5C24D9A70C003732F6 /* BarCodeViewController.swift in Sources */ = {isa = PBXBuildFile; fileRef = A0727D5B24D9A70C003732F6 /* BarCodeViewController.swift */; };
		A07E2C2224F930F400058F35 /* GoogleService-Info.plist in Resources */ = {isa = PBXBuildFile; fileRef = A07E2C2124F930F400058F35 /* GoogleService-Info.plist */; };
		A0812ADF24C76C2E002A03EB /* AccountViewController.swift in Sources */ = {isa = PBXBuildFile; fileRef = A0812ADE24C76C2E002A03EB /* AccountViewController.swift */; };
		A0ACFEAD24BBA320008943E4 /* Constants.swift in Sources */ = {isa = PBXBuildFile; fileRef = A0ACFEAC24BBA320008943E4 /* Constants.swift */; };
		A0AE90C124B8F2DA00E31B68 /* Section.swift in Sources */ = {isa = PBXBuildFile; fileRef = A0AE90C024B8F2DA00E31B68 /* Section.swift */; };
		A0B38CD724EC8F1D00511F06 /* Assets.xcassets in Resources */ = {isa = PBXBuildFile; fileRef = 7B59B01024AA7816005FBC70 /* Assets.xcassets */; };
		A0C466B124B12FF400DDDAAA /* FoodData.swift in Sources */ = {isa = PBXBuildFile; fileRef = A0C466B024B12FF400DDDAAA /* FoodData.swift */; };
		A0DCFC5824FD976C0037D750 /* Localizable.strings in Resources */ = {isa = PBXBuildFile; fileRef = A0DCFC5A24FD976C0037D750 /* Localizable.strings */; };
/* End PBXBuildFile section */

/* Begin PBXCopyFilesBuildPhase section */
		A0DCFC7024FDA8380037D750 /* Embed App Extensions */ = {
			isa = PBXCopyFilesBuildPhase;
			buildActionMask = 2147483647;
			dstPath = "";
			dstSubfolderSpec = 13;
			files = (
			);
			name = "Embed App Extensions";
			runOnlyForDeploymentPostprocessing = 0;
		};
/* End PBXCopyFilesBuildPhase section */

/* Begin PBXFileReference section */
		7B194FDA24AA7D190099AE9F /* Task.swift */ = {isa = PBXFileReference; lastKnownFileType = sourcecode.swift; path = Task.swift; sourceTree = "<group>"; };
		7B35934A24AB521F00A8CC4F /* InputCell.swift */ = {isa = PBXFileReference; lastKnownFileType = sourcecode.swift; path = InputCell.swift; sourceTree = "<group>"; };
		7B59B00424AA7811005FBC70 /* Carrot.app */ = {isa = PBXFileReference; explicitFileType = wrapper.application; includeInIndex = 0; path = Carrot.app; sourceTree = BUILT_PRODUCTS_DIR; };
		7B59B00724AA7811005FBC70 /* AppDelegate.swift */ = {isa = PBXFileReference; lastKnownFileType = sourcecode.swift; path = AppDelegate.swift; sourceTree = "<group>"; };
		7B59B00924AA7811005FBC70 /* SceneDelegate.swift */ = {isa = PBXFileReference; lastKnownFileType = sourcecode.swift; path = SceneDelegate.swift; sourceTree = "<group>"; };
		7B59B00E24AA7811005FBC70 /* Base */ = {isa = PBXFileReference; lastKnownFileType = file.storyboard; name = Base; path = Base.lproj/Main.storyboard; sourceTree = "<group>"; };
		7B59B01024AA7816005FBC70 /* Assets.xcassets */ = {isa = PBXFileReference; lastKnownFileType = folder.assetcatalog; path = Assets.xcassets; sourceTree = "<group>"; };
		7B59B01324AA7816005FBC70 /* Base */ = {isa = PBXFileReference; lastKnownFileType = file.storyboard; name = Base; path = Base.lproj/LaunchScreen.storyboard; sourceTree = "<group>"; };
		7B59B01524AA7816005FBC70 /* Info.plist */ = {isa = PBXFileReference; lastKnownFileType = text.plist.xml; path = Info.plist; sourceTree = "<group>"; };
		7B59B01B24AA7A33005FBC70 /* TaskCell.swift */ = {isa = PBXFileReference; lastKnownFileType = sourcecode.swift; path = TaskCell.swift; sourceTree = "<group>"; };
		7B59B01D24AA7A59005FBC70 /* TableViewController.swift */ = {isa = PBXFileReference; lastKnownFileType = sourcecode.swift; path = TableViewController.swift; sourceTree = "<group>"; };
		96D38123B0D97AA341E9A3B5 /* Pods-Carrot.debug.xcconfig */ = {isa = PBXFileReference; includeInIndex = 1; lastKnownFileType = text.xcconfig; name = "Pods-Carrot.debug.xcconfig"; path = "Target Support Files/Pods-Carrot/Pods-Carrot.debug.xcconfig"; sourceTree = "<group>"; };
		A004A1C624E7F6AE008CF844 /* NavController.swift */ = {isa = PBXFileReference; lastKnownFileType = sourcecode.swift; path = NavController.swift; sourceTree = "<group>"; };
		A0177DE324E5ED0D003358DC /* CardViewController.swift */ = {isa = PBXFileReference; lastKnownFileType = sourcecode.swift; path = CardViewController.swift; sourceTree = "<group>"; };
		A0177DE524E5F379003358DC /* ShareViewController.swift */ = {isa = PBXFileReference; lastKnownFileType = sourcecode.swift; path = ShareViewController.swift; sourceTree = "<group>"; };
		A02C91BA24BFB38300BE0489 /* LoginViewController.swift */ = {isa = PBXFileReference; lastKnownFileType = sourcecode.swift; path = LoginViewController.swift; sourceTree = "<group>"; };
		A03F5A2624C1EF4F008054A7 /* RegisterViewController.swift */ = {isa = PBXFileReference; lastKnownFileType = sourcecode.swift; path = RegisterViewController.swift; sourceTree = "<group>"; };
		A03F5A2824C1F564008054A7 /* WelcomeViewController.swift */ = {isa = PBXFileReference; lastKnownFileType = sourcecode.swift; path = WelcomeViewController.swift; sourceTree = "<group>"; };
		A05BDA4424CDC78D00854F00 /* AddListViewController.swift */ = {isa = PBXFileReference; lastKnownFileType = sourcecode.swift; path = AddListViewController.swift; sourceTree = "<group>"; };
		A0727D5B24D9A70C003732F6 /* BarCodeViewController.swift */ = {isa = PBXFileReference; lastKnownFileType = sourcecode.swift; path = BarCodeViewController.swift; sourceTree = "<group>"; };
		A07E2C2124F930F400058F35 /* GoogleService-Info.plist */ = {isa = PBXFileReference; fileEncoding = 4; lastKnownFileType = text.plist.xml; path = "GoogleService-Info.plist"; sourceTree = "<group>"; };
		A07E2C2324F9320D00058F35 /* Carrot.entitlements */ = {isa = PBXFileReference; lastKnownFileType = text.plist.entitlements; path = Carrot.entitlements; sourceTree = "<group>"; };
		A0812ADE24C76C2E002A03EB /* AccountViewController.swift */ = {isa = PBXFileReference; lastKnownFileType = sourcecode.swift; name = AccountViewController.swift; path = Carrot/Controller/AccountViewController.swift; sourceTree = SOURCE_ROOT; };
		A0ACFEAC24BBA320008943E4 /* Constants.swift */ = {isa = PBXFileReference; lastKnownFileType = sourcecode.swift; path = Constants.swift; sourceTree = "<group>"; };
		A0AE90C024B8F2DA00E31B68 /* Section.swift */ = {isa = PBXFileReference; lastKnownFileType = sourcecode.swift; name = Section.swift; path = Carrot/Controller/Section.swift; sourceTree = SOURCE_ROOT; };
		A0C466B024B12FF400DDDAAA /* FoodData.swift */ = {isa = PBXFileReference; lastKnownFileType = sourcecode.swift; path = FoodData.swift; sourceTree = "<group>"; };
		A0DCFC5624FD97610037D750 /* nl */ = {isa = PBXFileReference; lastKnownFileType = text.plist.strings; name = nl; path = nl.lproj/Main.strings; sourceTree = "<group>"; };
		A0DCFC5724FD97620037D750 /* nl */ = {isa = PBXFileReference; lastKnownFileType = text.plist.strings; name = nl; path = nl.lproj/LaunchScreen.strings; sourceTree = "<group>"; };
		A0DCFC5924FD976C0037D750 /* en */ = {isa = PBXFileReference; lastKnownFileType = text.plist.strings; name = en; path = en.lproj/Localizable.strings; sourceTree = "<group>"; };
		A0DCFC5B24FD97720037D750 /* nl */ = {isa = PBXFileReference; lastKnownFileType = text.plist.strings; name = nl; path = nl.lproj/Localizable.strings; sourceTree = "<group>"; };
		DD9E70B64D89EFFCE59BE41C /* Pods-Carrot.release.xcconfig */ = {isa = PBXFileReference; includeInIndex = 1; lastKnownFileType = text.xcconfig; name = "Pods-Carrot.release.xcconfig"; path = "Target Support Files/Pods-Carrot/Pods-Carrot.release.xcconfig"; sourceTree = "<group>"; };
		E04A748A672CA8543E3991F9 /* Pods_Carrot.framework */ = {isa = PBXFileReference; explicitFileType = wrapper.framework; includeInIndex = 0; path = Pods_Carrot.framework; sourceTree = BUILT_PRODUCTS_DIR; };
/* End PBXFileReference section */

/* Begin PBXFrameworksBuildPhase section */
		7B59B00124AA7811005FBC70 /* Frameworks */ = {
			isa = PBXFrameworksBuildPhase;
			buildActionMask = 2147483647;
			files = (
				5D003E22A3A701CF1AFA55A7 /* Pods_Carrot.framework in Frameworks */,
			);
			runOnlyForDeploymentPostprocessing = 0;
		};
/* End PBXFrameworksBuildPhase section */

/* Begin PBXGroup section */
		7B59AFFB24AA7811005FBC70 = {
			isa = PBXGroup;
			children = (
				7B59B00624AA7811005FBC70 /* Carrot */,
				7B59B00524AA7811005FBC70 /* Products */,
				CC3CA655880E36CA8E6400E9 /* Pods */,
				CAFEAECB567A3E3E5D34EBBB /* Frameworks */,
			);
			sourceTree = "<group>";
		};
		7B59B00524AA7811005FBC70 /* Products */ = {
			isa = PBXGroup;
			children = (
				7B59B00424AA7811005FBC70 /* Carrot.app */,
			);
			name = Products;
			sourceTree = "<group>";
		};
		7B59B00624AA7811005FBC70 /* Carrot */ = {
			isa = PBXGroup;
			children = (
				7B59B00724AA7811005FBC70 /* AppDelegate.swift */,
				7B59B00924AA7811005FBC70 /* SceneDelegate.swift */,
				A0DCFC5A24FD976C0037D750 /* Localizable.strings */,
				A03C5D7B24B11A0E00C2BB4D /* Controller */,
				A03C5D7A24B11A0800C2BB4D /* View */,
				A03C5D7924B11A0000C2BB4D /* Model */,
				7B59B01024AA7816005FBC70 /* Assets.xcassets */,
				7B59B01524AA7816005FBC70 /* Info.plist */,
				A07E2C2324F9320D00058F35 /* Carrot.entitlements */,
				A07E2C2124F930F400058F35 /* GoogleService-Info.plist */,
			);
			path = Carrot;
			sourceTree = "<group>";
		};
		A03C5D7924B11A0000C2BB4D /* Model */ = {
			isa = PBXGroup;
			children = (
				A0AE90C024B8F2DA00E31B68 /* Section.swift */,
				7B194FDA24AA7D190099AE9F /* Task.swift */,
				A0C466B024B12FF400DDDAAA /* FoodData.swift */,
				A0ACFEAC24BBA320008943E4 /* Constants.swift */,
			);
			path = Model;
			sourceTree = "<group>";
		};
		A03C5D7A24B11A0800C2BB4D /* View */ = {
			isa = PBXGroup;
			children = (
				7B59B00D24AA7811005FBC70 /* Main.storyboard */,
				7B59B01224AA7816005FBC70 /* LaunchScreen.storyboard */,
				7B59B01B24AA7A33005FBC70 /* TaskCell.swift */,
				7B35934A24AB521F00A8CC4F /* InputCell.swift */,
			);
			path = View;
			sourceTree = "<group>";
		};
		A03C5D7B24B11A0E00C2BB4D /* Controller */ = {
			isa = PBXGroup;
			children = (
				7B59B01D24AA7A59005FBC70 /* TableViewController.swift */,
				A0812ADE24C76C2E002A03EB /* AccountViewController.swift */,
				A0177DE524E5F379003358DC /* ShareViewController.swift */,
				A0177DE324E5ED0D003358DC /* CardViewController.swift */,
				A03F5A2824C1F564008054A7 /* WelcomeViewController.swift */,
				A02C91BA24BFB38300BE0489 /* LoginViewController.swift */,
				A03F5A2624C1EF4F008054A7 /* RegisterViewController.swift */,
				A05BDA4424CDC78D00854F00 /* AddListViewController.swift */,
				A0727D5B24D9A70C003732F6 /* BarCodeViewController.swift */,
				A004A1C624E7F6AE008CF844 /* NavController.swift */,
			);
			path = Controller;
			sourceTree = "<group>";
		};
		CAFEAECB567A3E3E5D34EBBB /* Frameworks */ = {
			isa = PBXGroup;
			children = (
				E04A748A672CA8543E3991F9 /* Pods_Carrot.framework */,
			);
			name = Frameworks;
			sourceTree = "<group>";
		};
		CC3CA655880E36CA8E6400E9 /* Pods */ = {
			isa = PBXGroup;
			children = (
				96D38123B0D97AA341E9A3B5 /* Pods-Carrot.debug.xcconfig */,
				DD9E70B64D89EFFCE59BE41C /* Pods-Carrot.release.xcconfig */,
			);
			path = Pods;
			sourceTree = "<group>";
		};
/* End PBXGroup section */

/* Begin PBXNativeTarget section */
		7B59B00324AA7811005FBC70 /* Carrot */ = {
			isa = PBXNativeTarget;
			buildConfigurationList = 7B59B01824AA7816005FBC70 /* Build configuration list for PBXNativeTarget "Carrot" */;
			buildPhases = (
				503EF138BF488C9476646918 /* [CP] Check Pods Manifest.lock */,
				7B59B00024AA7811005FBC70 /* Sources */,
				7B59B00124AA7811005FBC70 /* Frameworks */,
				7B59B00224AA7811005FBC70 /* Resources */,
				7DD379741BFED233F2422003 /* [CP] Embed Pods Frameworks */,
				A0DCFC7024FDA8380037D750 /* Embed App Extensions */,
			);
			buildRules = (
			);
			dependencies = (
			);
			name = Carrot;
			productName = Carrot;
			productReference = 7B59B00424AA7811005FBC70 /* Carrot.app */;
			productType = "com.apple.product-type.application";
		};
/* End PBXNativeTarget section */

/* Begin PBXProject section */
		7B59AFFC24AA7811005FBC70 /* Project object */ = {
			isa = PBXProject;
			attributes = {
				LastSwiftUpdateCheck = 1160;
				LastUpgradeCheck = 1140;
				ORGANIZATIONNAME = "Matthijs Tolmeijer";
				TargetAttributes = {
					7B59B00324AA7811005FBC70 = {
						CreatedOnToolsVersion = 11.4;
					};
				};
			};
			buildConfigurationList = 7B59AFFF24AA7811005FBC70 /* Build configuration list for PBXProject "Carrot" */;
			compatibilityVersion = "Xcode 9.3";
			developmentRegion = en;
			hasScannedForEncodings = 0;
			knownRegions = (
				en,
				Base,
				nl,
			);
			mainGroup = 7B59AFFB24AA7811005FBC70;
			productRefGroup = 7B59B00524AA7811005FBC70 /* Products */;
			projectDirPath = "";
			projectRoot = "";
			targets = (
				7B59B00324AA7811005FBC70 /* Carrot */,
			);
		};
/* End PBXProject section */

/* Begin PBXResourcesBuildPhase section */
		7B59B00224AA7811005FBC70 /* Resources */ = {
			isa = PBXResourcesBuildPhase;
			buildActionMask = 2147483647;
			files = (
				A0DCFC5824FD976C0037D750 /* Localizable.strings in Resources */,
				A07E2C2224F930F400058F35 /* GoogleService-Info.plist in Resources */,
				7B59B01424AA7816005FBC70 /* LaunchScreen.storyboard in Resources */,
				A0B38CD724EC8F1D00511F06 /* Assets.xcassets in Resources */,
				7B59B00F24AA7811005FBC70 /* Main.storyboard in Resources */,
			);
			runOnlyForDeploymentPostprocessing = 0;
		};
/* End PBXResourcesBuildPhase section */

/* Begin PBXShellScriptBuildPhase section */
		503EF138BF488C9476646918 /* [CP] Check Pods Manifest.lock */ = {
			isa = PBXShellScriptBuildPhase;
			buildActionMask = 2147483647;
			files = (
			);
			inputFileListPaths = (
			);
			inputPaths = (
				"${PODS_PODFILE_DIR_PATH}/Podfile.lock",
				"${PODS_ROOT}/Manifest.lock",
			);
			name = "[CP] Check Pods Manifest.lock";
			outputFileListPaths = (
			);
			outputPaths = (
				"$(DERIVED_FILE_DIR)/Pods-Carrot-checkManifestLockResult.txt",
			);
			runOnlyForDeploymentPostprocessing = 0;
			shellPath = /bin/sh;
			shellScript = "diff \"${PODS_PODFILE_DIR_PATH}/Podfile.lock\" \"${PODS_ROOT}/Manifest.lock\" > /dev/null\nif [ $? != 0 ] ; then\n    # print error to STDERR\n    echo \"error: The sandbox is not in sync with the Podfile.lock. Run 'pod install' or update your CocoaPods installation.\" >&2\n    exit 1\nfi\n# This output is used by Xcode 'outputs' to avoid re-running this script phase.\necho \"SUCCESS\" > \"${SCRIPT_OUTPUT_FILE_0}\"\n";
			showEnvVarsInLog = 0;
		};
		7DD379741BFED233F2422003 /* [CP] Embed Pods Frameworks */ = {
			isa = PBXShellScriptBuildPhase;
			buildActionMask = 2147483647;
			files = (
			);
			inputFileListPaths = (
				"${PODS_ROOT}/Target Support Files/Pods-Carrot/Pods-Carrot-frameworks-${CONFIGURATION}-input-files.xcfilelist",
			);
			name = "[CP] Embed Pods Frameworks";
			outputFileListPaths = (
				"${PODS_ROOT}/Target Support Files/Pods-Carrot/Pods-Carrot-frameworks-${CONFIGURATION}-output-files.xcfilelist",
			);
			runOnlyForDeploymentPostprocessing = 0;
			shellPath = /bin/sh;
			shellScript = "\"${PODS_ROOT}/Target Support Files/Pods-Carrot/Pods-Carrot-frameworks.sh\"\n";
			showEnvVarsInLog = 0;
		};
/* End PBXShellScriptBuildPhase section */

/* Begin PBXSourcesBuildPhase section */
		7B59B00024AA7811005FBC70 /* Sources */ = {
			isa = PBXSourcesBuildPhase;
			buildActionMask = 2147483647;
			files = (
				A0C466B124B12FF400DDDAAA /* FoodData.swift in Sources */,
				A03F5A2724C1EF4F008054A7 /* RegisterViewController.swift in Sources */,
				A05BDA4524CDC78D00854F00 /* AddListViewController.swift in Sources */,
				A0812ADF24C76C2E002A03EB /* AccountViewController.swift in Sources */,
				7B59B01C24AA7A33005FBC70 /* TaskCell.swift in Sources */,
				7B59B00824AA7811005FBC70 /* AppDelegate.swift in Sources */,
				A004A1C724E7F6AE008CF844 /* NavController.swift in Sources */,
				A06DE5AC24F17A020023E0DB /* TableViewController.swift in Sources */,
				7B194FDB24AA7D190099AE9F /* Task.swift in Sources */,
				7B59B00A24AA7811005FBC70 /* SceneDelegate.swift in Sources */,
				A0727D5C24D9A70C003732F6 /* BarCodeViewController.swift in Sources */,
				A0AE90C124B8F2DA00E31B68 /* Section.swift in Sources */,
				7B35934B24AB521F00A8CC4F /* InputCell.swift in Sources */,
				A0177DE424E5ED0D003358DC /* CardViewController.swift in Sources */,
				A03F5A2924C1F564008054A7 /* WelcomeViewController.swift in Sources */,
				A02C91BB24BFB38300BE0489 /* LoginViewController.swift in Sources */,
				A0ACFEAD24BBA320008943E4 /* Constants.swift in Sources */,
				A0177DE624E5F379003358DC /* ShareViewController.swift in Sources */,
			);
			runOnlyForDeploymentPostprocessing = 0;
		};
/* End PBXSourcesBuildPhase section */

/* Begin PBXVariantGroup section */
		7B59B00D24AA7811005FBC70 /* Main.storyboard */ = {
			isa = PBXVariantGroup;
			children = (
				7B59B00E24AA7811005FBC70 /* Base */,
				A0DCFC5624FD97610037D750 /* nl */,
			);
			name = Main.storyboard;
			sourceTree = "<group>";
		};
		7B59B01224AA7816005FBC70 /* LaunchScreen.storyboard */ = {
			isa = PBXVariantGroup;
			children = (
				7B59B01324AA7816005FBC70 /* Base */,
				A0DCFC5724FD97620037D750 /* nl */,
			);
			name = LaunchScreen.storyboard;
			sourceTree = "<group>";
		};
		A0DCFC5A24FD976C0037D750 /* Localizable.strings */ = {
			isa = PBXVariantGroup;
			children = (
				A0DCFC5924FD976C0037D750 /* en */,
				A0DCFC5B24FD97720037D750 /* nl */,
			);
			name = Localizable.strings;
			sourceTree = "<group>";
		};
/* End PBXVariantGroup section */

/* Begin XCBuildConfiguration section */
		7B59B01624AA7816005FBC70 /* Debug */ = {
			isa = XCBuildConfiguration;
			buildSettings = {
				ALWAYS_SEARCH_USER_PATHS = NO;
				CLANG_ANALYZER_LOCALIZABILITY_NONLOCALIZED = YES;
				CLANG_ANALYZER_NONNULL = YES;
				CLANG_ANALYZER_NUMBER_OBJECT_CONVERSION = YES_AGGRESSIVE;
				CLANG_CXX_LANGUAGE_STANDARD = "gnu++14";
				CLANG_CXX_LIBRARY = "libc++";
				CLANG_ENABLE_MODULES = YES;
				CLANG_ENABLE_OBJC_ARC = YES;
				CLANG_ENABLE_OBJC_WEAK = YES;
				CLANG_WARN_BLOCK_CAPTURE_AUTORELEASING = YES;
				CLANG_WARN_BOOL_CONVERSION = YES;
				CLANG_WARN_COMMA = YES;
				CLANG_WARN_CONSTANT_CONVERSION = YES;
				CLANG_WARN_DEPRECATED_OBJC_IMPLEMENTATIONS = YES;
				CLANG_WARN_DIRECT_OBJC_ISA_USAGE = YES_ERROR;
				CLANG_WARN_DOCUMENTATION_COMMENTS = YES;
				CLANG_WARN_EMPTY_BODY = YES;
				CLANG_WARN_ENUM_CONVERSION = YES;
				CLANG_WARN_INFINITE_RECURSION = YES;
				CLANG_WARN_INT_CONVERSION = YES;
				CLANG_WARN_NON_LITERAL_NULL_CONVERSION = YES;
				CLANG_WARN_OBJC_IMPLICIT_RETAIN_SELF = YES;
				CLANG_WARN_OBJC_LITERAL_CONVERSION = YES;
				CLANG_WARN_OBJC_ROOT_CLASS = YES_ERROR;
				CLANG_WARN_RANGE_LOOP_ANALYSIS = YES;
				CLANG_WARN_STRICT_PROTOTYPES = YES;
				CLANG_WARN_SUSPICIOUS_MOVE = YES;
				CLANG_WARN_UNGUARDED_AVAILABILITY = YES_AGGRESSIVE;
				CLANG_WARN_UNREACHABLE_CODE = YES;
				CLANG_WARN__DUPLICATE_METHOD_MATCH = YES;
				COPY_PHASE_STRIP = NO;
				DEBUG_INFORMATION_FORMAT = dwarf;
				ENABLE_STRICT_OBJC_MSGSEND = YES;
				ENABLE_TESTABILITY = YES;
				GCC_C_LANGUAGE_STANDARD = gnu11;
				GCC_DYNAMIC_NO_PIC = NO;
				GCC_NO_COMMON_BLOCKS = YES;
				GCC_OPTIMIZATION_LEVEL = 0;
				GCC_PREPROCESSOR_DEFINITIONS = (
					"DEBUG=1",
					"$(inherited)",
				);
				GCC_WARN_64_TO_32_BIT_CONVERSION = YES;
				GCC_WARN_ABOUT_RETURN_TYPE = YES_ERROR;
				GCC_WARN_UNDECLARED_SELECTOR = YES;
				GCC_WARN_UNINITIALIZED_AUTOS = YES_AGGRESSIVE;
				GCC_WARN_UNUSED_FUNCTION = YES;
				GCC_WARN_UNUSED_VARIABLE = YES;
				IPHONEOS_DEPLOYMENT_TARGET = 13.4;
				MTL_ENABLE_DEBUG_INFO = INCLUDE_SOURCE;
				MTL_FAST_MATH = YES;
				ONLY_ACTIVE_ARCH = YES;
				SDKROOT = iphoneos;
				SWIFT_ACTIVE_COMPILATION_CONDITIONS = DEBUG;
				SWIFT_OPTIMIZATION_LEVEL = "-Onone";
			};
			name = Debug;
		};
		7B59B01724AA7816005FBC70 /* Release */ = {
			isa = XCBuildConfiguration;
			buildSettings = {
				ALWAYS_SEARCH_USER_PATHS = NO;
				CLANG_ANALYZER_LOCALIZABILITY_NONLOCALIZED = YES;
				CLANG_ANALYZER_NONNULL = YES;
				CLANG_ANALYZER_NUMBER_OBJECT_CONVERSION = YES_AGGRESSIVE;
				CLANG_CXX_LANGUAGE_STANDARD = "gnu++14";
				CLANG_CXX_LIBRARY = "libc++";
				CLANG_ENABLE_MODULES = YES;
				CLANG_ENABLE_OBJC_ARC = YES;
				CLANG_ENABLE_OBJC_WEAK = YES;
				CLANG_WARN_BLOCK_CAPTURE_AUTORELEASING = YES;
				CLANG_WARN_BOOL_CONVERSION = YES;
				CLANG_WARN_COMMA = YES;
				CLANG_WARN_CONSTANT_CONVERSION = YES;
				CLANG_WARN_DEPRECATED_OBJC_IMPLEMENTATIONS = YES;
				CLANG_WARN_DIRECT_OBJC_ISA_USAGE = YES_ERROR;
				CLANG_WARN_DOCUMENTATION_COMMENTS = YES;
				CLANG_WARN_EMPTY_BODY = YES;
				CLANG_WARN_ENUM_CONVERSION = YES;
				CLANG_WARN_INFINITE_RECURSION = YES;
				CLANG_WARN_INT_CONVERSION = YES;
				CLANG_WARN_NON_LITERAL_NULL_CONVERSION = YES;
				CLANG_WARN_OBJC_IMPLICIT_RETAIN_SELF = YES;
				CLANG_WARN_OBJC_LITERAL_CONVERSION = YES;
				CLANG_WARN_OBJC_ROOT_CLASS = YES_ERROR;
				CLANG_WARN_RANGE_LOOP_ANALYSIS = YES;
				CLANG_WARN_STRICT_PROTOTYPES = YES;
				CLANG_WARN_SUSPICIOUS_MOVE = YES;
				CLANG_WARN_UNGUARDED_AVAILABILITY = YES_AGGRESSIVE;
				CLANG_WARN_UNREACHABLE_CODE = YES;
				CLANG_WARN__DUPLICATE_METHOD_MATCH = YES;
				COPY_PHASE_STRIP = NO;
				DEBUG_INFORMATION_FORMAT = "dwarf-with-dsym";
				ENABLE_NS_ASSERTIONS = NO;
				ENABLE_STRICT_OBJC_MSGSEND = YES;
				GCC_C_LANGUAGE_STANDARD = gnu11;
				GCC_NO_COMMON_BLOCKS = YES;
				GCC_WARN_64_TO_32_BIT_CONVERSION = YES;
				GCC_WARN_ABOUT_RETURN_TYPE = YES_ERROR;
				GCC_WARN_UNDECLARED_SELECTOR = YES;
				GCC_WARN_UNINITIALIZED_AUTOS = YES_AGGRESSIVE;
				GCC_WARN_UNUSED_FUNCTION = YES;
				GCC_WARN_UNUSED_VARIABLE = YES;
				IPHONEOS_DEPLOYMENT_TARGET = 13.4;
				MTL_ENABLE_DEBUG_INFO = NO;
				MTL_FAST_MATH = YES;
				SDKROOT = iphoneos;
				SWIFT_COMPILATION_MODE = wholemodule;
				SWIFT_OPTIMIZATION_LEVEL = "-O";
				VALIDATE_PRODUCT = YES;
			};
			name = Release;
		};
		7B59B01924AA7816005FBC70 /* Debug */ = {
			isa = XCBuildConfiguration;
			baseConfigurationReference = 96D38123B0D97AA341E9A3B5 /* Pods-Carrot.debug.xcconfig */;
			buildSettings = {
				ASSETCATALOG_COMPILER_APPICON_NAME = AppIcon;
				CODE_SIGN_ENTITLEMENTS = Carrot/Carrot.entitlements;
				CODE_SIGN_IDENTITY = "Apple Development";
				CODE_SIGN_STYLE = Automatic;
				DEVELOPMENT_TEAM = 2C75387PJ6;
				INFOPLIST_FILE = Carrot/Info.plist;
				LD_RUNPATH_SEARCH_PATHS = (
					"$(inherited)",
					"@executable_path/Frameworks",
				);
				PRODUCT_BUNDLE_IDENTIFIER = com.mattt.Carrot;
				PRODUCT_NAME = "$(TARGET_NAME)";
				PROVISIONING_PROFILE_SPECIFIER = "";
				SWIFT_VERSION = 5.0;
				TARGETED_DEVICE_FAMILY = "1,2";
			};
			name = Debug;
		};
		7B59B01A24AA7816005FBC70 /* Release */ = {
			isa = XCBuildConfiguration;
			baseConfigurationReference = DD9E70B64D89EFFCE59BE41C /* Pods-Carrot.release.xcconfig */;
			buildSettings = {
				ASSETCATALOG_COMPILER_APPICON_NAME = AppIcon;
				CODE_SIGN_ENTITLEMENTS = Carrot/Carrot.entitlements;
				CODE_SIGN_IDENTITY = "Apple Development";
				CODE_SIGN_STYLE = Automatic;
				DEVELOPMENT_TEAM = 2C75387PJ6;
				INFOPLIST_FILE = Carrot/Info.plist;
				LD_RUNPATH_SEARCH_PATHS = (
					"$(inherited)",
					"@executable_path/Frameworks",
				);
				PRODUCT_BUNDLE_IDENTIFIER = com.mattt.Carrot;
				PRODUCT_NAME = "$(TARGET_NAME)";
				PROVISIONING_PROFILE_SPECIFIER = "";
				SWIFT_VERSION = 5.0;
				TARGETED_DEVICE_FAMILY = "1,2";
			};
			name = Release;
		};
/* End XCBuildConfiguration section */

/* Begin XCConfigurationList section */
		7B59AFFF24AA7811005FBC70 /* Build configuration list for PBXProject "Carrot" */ = {
			isa = XCConfigurationList;
			buildConfigurations = (
				7B59B01624AA7816005FBC70 /* Debug */,
				7B59B01724AA7816005FBC70 /* Release */,
			);
			defaultConfigurationIsVisible = 0;
			defaultConfigurationName = Release;
		};
		7B59B01824AA7816005FBC70 /* Build configuration list for PBXNativeTarget "Carrot" */ = {
			isa = XCConfigurationList;
			buildConfigurations = (
				7B59B01924AA7816005FBC70 /* Debug */,
				7B59B01A24AA7816005FBC70 /* Release */,
			);
			defaultConfigurationIsVisible = 0;
			defaultConfigurationName = Release;
		};
/* End XCConfigurationList section */
	};
	rootObject = 7B59AFFC24AA7811005FBC70 /* Project object */;
}
